# This file is automatically @generated by Cargo.
# It is not intended for manual editing.
version = 4

[[package]]
name = "bitflags"
version = "2.10.0"
source = "registry+https://github.com/rust-lang/crates.io-index"
checksum = "812e12b5285cc515a9c72a5c1d3b6d46a19dac5acfef5265968c166106e31dd3"

[[package]]
name = "libm"
version = "0.2.15"
source = "registry+https://github.com/rust-lang/crates.io-index"
checksum = "f9fbbcab51052fe104eb5e5d351cf728d30a5be1fe14d9be8a3b097481fb97de"

[[package]]
name = "lock_api"
version = "0.4.14"
source = "registry+https://github.com/rust-lang/crates.io-index"
checksum = "224399e74b87b5f3557511d98dff8b14089b3dadafcab6bb93eab67d3aace965"
dependencies = [
 "scopeguard",
]

[[package]]
name = "log"
version = "0.4.29"
source = "registry+https://github.com/rust-lang/crates.io-index"
checksum = "5e5032e24019045c762d3c0f28f5b6b8bbf38563a65908389bf7978758920897"

[[package]]
name = "scopeguard"
version = "1.2.0"
source = "registry+https://github.com/rust-lang/crates.io-index"
checksum = "94143f37725109f92c262ed2cf5e59bce7498c01bcc1502d7b9afe439a4e9f49"

[[package]]
name = "spin"
version = "0.9.8"
source = "registry+https://github.com/rust-lang/crates.io-index"
checksum = "6980e8d7511241f8acf4aebddbb1ff938df5eebe98691418c4468d0b72a96a67"
dependencies = [
 "lock_api",
]

[[package]]
name = "splax-canvas"
version = "0.1.0"

[[package]]
name = "splax-dev"
version = "0.1.0"
dependencies = [
 "libm",
]

[[package]]
name = "splax-gpu"
version = "0.1.0"

[[package]]
name = "splax-net"
version = "0.1.0"
dependencies = [
 "spin",
]

[[package]]
name = "splax_atlas"
version = "0.1.0"
dependencies = [
 "log",
 "spin",
 "splax_cap",
]

[[package]]
name = "splax_bootloader"
version = "0.1.0"
dependencies = [
 "log",
]

[[package]]
name = "splax_cap"
version = "0.1.0"
dependencies = [
 "spin",
]

[[package]]
name = "splax_code"
version = "0.1.0"
dependencies = [
 "log",
 "spin",
]

[[package]]
name = "splax_gate"
version = "0.1.0"
dependencies = [
 "log",
 "spin",
 "splax_cap",
]

[[package]]
name = "splax_init"
version = "0.1.0"
dependencies = [
 "spin",
]

[[package]]
name = "splax_install"
version = "0.1.0"
dependencies = [
 "spin",
]

[[package]]
name = "splax_kernel"
version = "0.1.0"
dependencies = [
 "bitflags",
 "log",
 "spin",
 "splax_wave",
]

[[package]]
name = "splax_link"
version = "0.1.0"
dependencies = [
 "log",
 "spin",
 "splax_cap",
]

[[package]]
name = "splax_native"
version = "0.1.0"
dependencies = [
 "log",
 "spin",
 "splax_cap",
]

[[package]]
name = "splax_pkg"
version = "0.1.0"
dependencies = [
 "spin",
]

[[package]]
name = "splax_storage"
version = "0.1.0"
dependencies = [
 "log",
 "spin",
 "splax_cap",
]

[[package]]
name = "splax_term"
version = "0.1.0"
dependencies = [
 "log",
 "spin",
]

[[package]]
name = "splax_wave"
version = "0.1.0"
dependencies = [
 "log",
 "spin",
 "splax_cap",
]
